
Microsoft Visual Studio Solution File, Format Version 12.00
# Visual Studio Version 17
VisualStudioVersion = 17.10.34928.147
MinimumVisualStudioVersion = 10.0.40219.1
Project("{FAE04EC0-301F-11D3-BF4B-00C04F79EFBC}") = "#04 CADENAS DE CARACTERES", "#04 CADENAS DE CARACTERES.csproj", "{9B1013A1-F9DE-409A-8AF5-38DD1BA8DD7F}"
EndProject
Global
	GlobalSection(SolutionConfigurationPlatforms) = preSolution
		Debug|Any CPU = Debug|Any CPU
		Release|Any CPU = Release|Any CPU
	EndGlobalSection
	GlobalSection(ProjectConfigurationPlatforms) = postSolution
		{9B1013A1-F9DE-409A-8AF5-38DD1BA8DD7F}.Debug|Any CPU.ActiveCfg = Debug|Any CPU
		{9B1013A1-F9DE-409A-8AF5-38DD1BA8DD7F}.Debug|Any CPU.Build.0 = Debug|Any CPU
		{9B1013A1-F9DE-409A-8AF5-38DD1BA8DD7F}.Release|Any CPU.ActiveCfg = Release|Any CPU
		{9B1013A1-F9DE-409A-8AF5-38DD1BA8DD7F}.Release|Any CPU.Build.0 = Release|Any CPU
	EndGlobalSection
	GlobalSection(SolutionProperties) = preSolution
		HideSolutionNode = FALSE
	EndGlobalSection
	GlobalSection(ExtensibilityGlobals) = postSolution
		SolutionGuid = {9FA000DC-CC28-4434-9472-A3660AEBA0E4}
	EndGlobalSection
EndGlobal
