
Microsoft Visual Studio Solution File, Format Version 12.00
# Visual Studio Version 17
VisualStudioVersion = 17.10.34928.147
MinimumVisualStudioVersion = 10.0.40219.1
Project("{FAE04EC0-301F-11D3-BF4B-00C04F79EFBC}") = "#02 FUNCIONES Y ALCANCE", "#02 FUNCIONES Y ALCANCE.csproj", "{286CE8D4-E9C0-48D3-8682-B2096D2F8CBB}"
EndProject
Global
	GlobalSection(SolutionConfigurationPlatforms) = preSolution
		Debug|Any CPU = Debug|Any CPU
		Release|Any CPU = Release|Any CPU
	EndGlobalSection
	GlobalSection(ProjectConfigurationPlatforms) = postSolution
		{286CE8D4-E9C0-48D3-8682-B2096D2F8CBB}.Debug|Any CPU.ActiveCfg = Debug|Any CPU
		{286CE8D4-E9C0-48D3-8682-B2096D2F8CBB}.Debug|Any CPU.Build.0 = Debug|Any CPU
		{286CE8D4-E9C0-48D3-8682-B2096D2F8CBB}.Release|Any CPU.ActiveCfg = Release|Any CPU
		{286CE8D4-E9C0-48D3-8682-B2096D2F8CBB}.Release|Any CPU.Build.0 = Release|Any CPU
	EndGlobalSection
	GlobalSection(SolutionProperties) = preSolution
		HideSolutionNode = FALSE
	EndGlobalSection
	GlobalSection(ExtensibilityGlobals) = postSolution
		SolutionGuid = {F15F3E3E-2794-45A9-9928-1F487315CECD}
	EndGlobalSection
EndGlobal
